
Microsoft Visual Studio Solution File, Format Version 12.00
# Visual Studio Version 16
VisualStudioVersion = 16.0.30114.105
MinimumVisualStudioVersion = 10.0.40219.1
Project("{FAE04EC0-301F-11D3-BF4B-00C04F79EFBC}") = "CleanArch.WebUI", "CleanArch.WebUI\CleanArch.WebUI.csproj", "{B354CCB9-8B6E-439C-A99B-F80649CA19D8}"
EndProject
Project("{FAE04EC0-301F-11D3-BF4B-00C04F79EFBC}") = "CleanArch.Infra.IoC", "CleanArch.Infra.IoC\CleanArch.Infra.IoC.csproj", "{F9523A3D-3422-4EA1-8332-A86A732AB544}"
EndProject
Project("{FAE04EC0-301F-11D3-BF4B-00C04F79EFBC}") = "CleanArch.Infra.Data", "CleanArch.Infra.Data\CleanArch.Infra.Data.csproj", "{B7A15B3D-DACB-4C9E-B9E3-3C710E49E67D}"
EndProject
Project("{FAE04EC0-301F-11D3-BF4B-00C04F79EFBC}") = "CleanArch.Domain", "CleanArch.Domain\CleanArch.Domain.csproj", "{AED75F36-55E7-4BE0-9293-459829E41A26}"
EndProject
Project("{FAE04EC0-301F-11D3-BF4B-00C04F79EFBC}") = "CleanArch.Application", "CleanArch.Application\CleanArch.Application.csproj", "{3402AECB-5930-4BA4-B0D9-E4A1B898A17B}"
EndProject
Project("{FAE04EC0-301F-11D3-BF4B-00C04F79EFBC}") = "CleanArch.Tests", "CleanArch.Tests\CleanArch.Tests.csproj", "{0C6E28EC-182A-40EC-B702-7F3FE2B46B83}"
EndProject
Global
	GlobalSection(SolutionConfigurationPlatforms) = preSolution
		Debug|Any CPU = Debug|Any CPU
		Debug|x64 = Debug|x64
		Debug|x86 = Debug|x86
		Release|Any CPU = Release|Any CPU
		Release|x64 = Release|x64
		Release|x86 = Release|x86
	EndGlobalSection
	GlobalSection(SolutionProperties) = preSolution
		HideSolutionNode = FALSE
	EndGlobalSection
	GlobalSection(ProjectConfigurationPlatforms) = postSolution
		{B354CCB9-8B6E-439C-A99B-F80649CA19D8}.Debug|Any CPU.ActiveCfg = Debug|Any CPU
		{B354CCB9-8B6E-439C-A99B-F80649CA19D8}.Debug|Any CPU.Build.0 = Debug|Any CPU
		{B354CCB9-8B6E-439C-A99B-F80649CA19D8}.Debug|x64.ActiveCfg = Debug|Any CPU
		{B354CCB9-8B6E-439C-A99B-F80649CA19D8}.Debug|x64.Build.0 = Debug|Any CPU
		{B354CCB9-8B6E-439C-A99B-F80649CA19D8}.Debug|x86.ActiveCfg = Debug|Any CPU
		{B354CCB9-8B6E-439C-A99B-F80649CA19D8}.Debug|x86.Build.0 = Debug|Any CPU
		{B354CCB9-8B6E-439C-A99B-F80649CA19D8}.Release|Any CPU.ActiveCfg = Release|Any CPU
		{B354CCB9-8B6E-439C-A99B-F80649CA19D8}.Release|Any CPU.Build.0 = Release|Any CPU
		{B354CCB9-8B6E-439C-A99B-F80649CA19D8}.Release|x64.ActiveCfg = Release|Any CPU
		{B354CCB9-8B6E-439C-A99B-F80649CA19D8}.Release|x64.Build.0 = Release|Any CPU
		{B354CCB9-8B6E-439C-A99B-F80649CA19D8}.Release|x86.ActiveCfg = Release|Any CPU
		{B354CCB9-8B6E-439C-A99B-F80649CA19D8}.Release|x86.Build.0 = Release|Any CPU
		{F9523A3D-3422-4EA1-8332-A86A732AB544}.Debug|Any CPU.ActiveCfg = Debug|Any CPU
		{F9523A3D-3422-4EA1-8332-A86A732AB544}.Debug|Any CPU.Build.0 = Debug|Any CPU
		{F9523A3D-3422-4EA1-8332-A86A732AB544}.Debug|x64.ActiveCfg = Debug|Any CPU
		{F9523A3D-3422-4EA1-8332-A86A732AB544}.Debug|x64.Build.0 = Debug|Any CPU
		{F9523A3D-3422-4EA1-8332-A86A732AB544}.Debug|x86.ActiveCfg = Debug|Any CPU
		{F9523A3D-3422-4EA1-8332-A86A732AB544}.Debug|x86.Build.0 = Debug|Any CPU
		{F9523A3D-3422-4EA1-8332-A86A732AB544}.Release|Any CPU.ActiveCfg = Release|Any CPU
		{F9523A3D-3422-4EA1-8332-A86A732AB544}.Release|Any CPU.Build.0 = Release|Any CPU
		{F9523A3D-3422-4EA1-8332-A86A732AB544}.Release|x64.ActiveCfg = Release|Any CPU
		{F9523A3D-3422-4EA1-8332-A86A732AB544}.Release|x64.Build.0 = Release|Any CPU
		{F9523A3D-3422-4EA1-8332-A86A732AB544}.Release|x86.ActiveCfg = Release|Any CPU
		{F9523A3D-3422-4EA1-8332-A86A732AB544}.Release|x86.Build.0 = Release|Any CPU
		{B7A15B3D-DACB-4C9E-B9E3-3C710E49E67D}.Debug|Any CPU.ActiveCfg = Debug|Any CPU
		{B7A15B3D-DACB-4C9E-B9E3-3C710E49E67D}.Debug|Any CPU.Build.0 = Debug|Any CPU
		{B7A15B3D-DACB-4C9E-B9E3-3C710E49E67D}.Debug|x64.ActiveCfg = Debug|Any CPU
		{B7A15B3D-DACB-4C9E-B9E3-3C710E49E67D}.Debug|x64.Build.0 = Debug|Any CPU
		{B7A15B3D-DACB-4C9E-B9E3-3C710E49E67D}.Debug|x86.ActiveCfg = Debug|Any CPU
		{B7A15B3D-DACB-4C9E-B9E3-3C710E49E67D}.Debug|x86.Build.0 = Debug|Any CPU
		{B7A15B3D-DACB-4C9E-B9E3-3C710E49E67D}.Release|Any CPU.ActiveCfg = Release|Any CPU
		{B7A15B3D-DACB-4C9E-B9E3-3C710E49E67D}.Release|Any CPU.Build.0 = Release|Any CPU
		{B7A15B3D-DACB-4C9E-B9E3-3C710E49E67D}.Release|x64.ActiveCfg = Release|Any CPU
		{B7A15B3D-DACB-4C9E-B9E3-3C710E49E67D}.Release|x64.Build.0 = Release|Any CPU
		{B7A15B3D-DACB-4C9E-B9E3-3C710E49E67D}.Release|x86.ActiveCfg = Release|Any CPU
		{B7A15B3D-DACB-4C9E-B9E3-3C710E49E67D}.Release|x86.Build.0 = Release|Any CPU
		{AED75F36-55E7-4BE0-9293-459829E41A26}.Debug|Any CPU.ActiveCfg = Debug|Any CPU
		{AED75F36-55E7-4BE0-9293-459829E41A26}.Debug|Any CPU.Build.0 = Debug|Any CPU
		{AED75F36-55E7-4BE0-9293-459829E41A26}.Debug|x64.ActiveCfg = Debug|Any CPU
		{AED75F36-55E7-4BE0-9293-459829E41A26}.Debug|x64.Build.0 = Debug|Any CPU
		{AED75F36-55E7-4BE0-9293-459829E41A26}.Debug|x86.ActiveCfg = Debug|Any CPU
		{AED75F36-55E7-4BE0-9293-459829E41A26}.Debug|x86.Build.0 = Debug|Any CPU
		{AED75F36-55E7-4BE0-9293-459829E41A26}.Release|Any CPU.ActiveCfg = Release|Any CPU
		{AED75F36-55E7-4BE0-9293-459829E41A26}.Release|Any CPU.Build.0 = Release|Any CPU
		{AED75F36-55E7-4BE0-9293-459829E41A26}.Release|x64.ActiveCfg = Release|Any CPU
		{AED75F36-55E7-4BE0-9293-459829E41A26}.Release|x64.Build.0 = Release|Any CPU
		{AED75F36-55E7-4BE0-9293-459829E41A26}.Release|x86.ActiveCfg = Release|Any CPU
		{AED75F36-55E7-4BE0-9293-459829E41A26}.Release|x86.Build.0 = Release|Any CPU
		{3402AECB-5930-4BA4-B0D9-E4A1B898A17B}.Debug|Any CPU.ActiveCfg = Debug|Any CPU
		{3402AECB-5930-4BA4-B0D9-E4A1B898A17B}.Debug|Any CPU.Build.0 = Debug|Any CPU
		{3402AECB-5930-4BA4-B0D9-E4A1B898A17B}.Debug|x64.ActiveCfg = Debug|Any CPU
		{3402AECB-5930-4BA4-B0D9-E4A1B898A17B}.Debug|x64.Build.0 = Debug|Any CPU
		{3402AECB-5930-4BA4-B0D9-E4A1B898A17B}.Debug|x86.ActiveCfg = Debug|Any CPU
		{3402AECB-5930-4BA4-B0D9-E4A1B898A17B}.Debug|x86.Build.0 = Debug|Any CPU
		{3402AECB-5930-4BA4-B0D9-E4A1B898A17B}.Release|Any CPU.ActiveCfg = Release|Any CPU
		{3402AECB-5930-4BA4-B0D9-E4A1B898A17B}.Release|Any CPU.Build.0 = Release|Any CPU
		{3402AECB-5930-4BA4-B0D9-E4A1B898A17B}.Release|x64.ActiveCfg = Release|Any CPU
		{3402AECB-5930-4BA4-B0D9-E4A1B898A17B}.Release|x64.Build.0 = Release|Any CPU
		{3402AECB-5930-4BA4-B0D9-E4A1B898A17B}.Release|x86.ActiveCfg = Release|Any CPU
		{3402AECB-5930-4BA4-B0D9-E4A1B898A17B}.Release|x86.Build.0 = Release|Any CPU
		{0C6E28EC-182A-40EC-B702-7F3FE2B46B83}.Debug|Any CPU.ActiveCfg = Debug|Any CPU
		{0C6E28EC-182A-40EC-B702-7F3FE2B46B83}.Debug|Any CPU.Build.0 = Debug|Any CPU
		{0C6E28EC-182A-40EC-B702-7F3FE2B46B83}.Debug|x64.ActiveCfg = Debug|Any CPU
		{0C6E28EC-182A-40EC-B702-7F3FE2B46B83}.Debug|x64.Build.0 = Debug|Any CPU
		{0C6E28EC-182A-40EC-B702-7F3FE2B46B83}.Debug|x86.ActiveCfg = Debug|Any CPU
		{0C6E28EC-182A-40EC-B702-7F3FE2B46B83}.Debug|x86.Build.0 = Debug|Any CPU
		{0C6E28EC-182A-40EC-B702-7F3FE2B46B83}.Release|Any CPU.ActiveCfg = Release|Any CPU
		{0C6E28EC-182A-40EC-B702-7F3FE2B46B83}.Release|Any CPU.Build.0 = Release|Any CPU
		{0C6E28EC-182A-40EC-B702-7F3FE2B46B83}.Release|x64.ActiveCfg = Release|Any CPU
		{0C6E28EC-182A-40EC-B702-7F3FE2B46B83}.Release|x64.Build.0 = Release|Any CPU
		{0C6E28EC-182A-40EC-B702-7F3FE2B46B83}.Release|x86.ActiveCfg = Release|Any CPU
		{0C6E28EC-182A-40EC-B702-7F3FE2B46B83}.Release|x86.Build.0 = Release|Any CPU
	EndGlobalSection
EndGlobal
